<?xml version="1.0" encoding="utf-8"?>
<Project ToolsVersion="4.0" xmlns="http://schemas.microsoft.com/developer/msbuild/2003">
  <ItemGroup>
    <Filter Include="Fairytale">
      <UniqueIdentifier>{E6F872F6-5263-276D-9BA1-D812074B05C2}</UniqueIdentifier>
    </Filter>
  </ItemGroup>
  <ItemGroup>
    <ClInclude Include="src\Fairytale.h" />
    <ClInclude Include="src\Fairytale\Application.h">
      <Filter>Fairytale</Filter>
    </ClInclude>
    <ClInclude Include="src\Fairytale\Core.h">
      <Filter>Fairytale</Filter>
    </ClInclude>
    <ClInclude Include="src\Fairytale\EntryPoint.h">
      <Filter>Fairytale</Filter>
    </ClInclude>
    <ClInclude Include="src\Fairytale\Log.h">
      <Filter>Fairytale</Filter>
    </ClInclude>
  </ItemGroup>
  <ItemGroup>
    <ClCompile Include="src\Fairytale\Application.cpp">
      <Filter>Fairytale</Filter>
    </ClCompile>
    <ClCompile Include="src\Fairytale\Log.cpp">
      <Filter>Fairytale</Filter>
    </ClCompile>
  </ItemGroup>
</Project>